
Microsoft Visual Studio Solution File, Format Version 12.00
# Visual Studio Version 17
VisualStudioVersion = 17.6.33815.320
MinimumVisualStudioVersion = 10.0.40219.1
Project("{FAE04EC0-301F-11D3-BF4B-00C04F79EFBC}") = "DieRoller", "DieRoller\DieRoller.csproj", "{ED1A8082-E414-4BEC-9E38-20F4F7C12E37}"
EndProject
Global
	GlobalSection(SolutionConfigurationPlatforms) = preSolution
		Debug|Any CPU = Debug|Any CPU
		Release|Any CPU = Release|Any CPU
	EndGlobalSection
	GlobalSection(ProjectConfigurationPlatforms) = postSolution
		{ED1A8082-E414-4BEC-9E38-20F4F7C12E37}.Debug|Any CPU.ActiveCfg = Debug|Any CPU
		{ED1A8082-E414-4BEC-9E38-20F4F7C12E37}.Debug|Any CPU.Build.0 = Debug|Any CPU
		{ED1A8082-E414-4BEC-9E38-20F4F7C12E37}.Release|Any CPU.ActiveCfg = Release|Any CPU
		{ED1A8082-E414-4BEC-9E38-20F4F7C12E37}.Release|Any CPU.Build.0 = Release|Any CPU
	EndGlobalSection
	GlobalSection(SolutionProperties) = preSolution
		HideSolutionNode = FALSE
	EndGlobalSection
	GlobalSection(ExtensibilityGlobals) = postSolution
		SolutionGuid = {050304CD-51F6-4EBB-98B8-756D67598911}
	EndGlobalSection
EndGlobal
